{
  "name": "wildflow-ai",
  "version": "1.0.0",
  "lockfileVersion": 3,
  "requires": true,
  "packages": {
    "": {
      "name": "wildflow-ai",
      "version": "1.0.0",
      "hasInstallScript": true
    },
    "client": {
      "name": "wildflow-ai-client",
      "version": "1.0.0",
      "extraneous": true,
      "dependencies": {
        "@xyflow/react": "^12.4.3",
        "axios": "^1.7.9",
        "clsx": "^2.1.1",
        "leaflet": "^1.9.4",
        "lucide-react": "^0.475.0",
        "next": "^15.1.7",
        "react": "^19.0.0",
        "react-dom": "^19.0.0",
        "react-leaflet": "^5.0.0",
        "socket.io-client": "^4.8.1",
        "tailwind-merge": "^3.0.1",
        "zustand": "^5.0.3"
      },
      "devDependencies": {
        "@types/node": "^22.13.4",
        "@types/react": "^19.0.10",
        "autoprefixer": "^10.4.20",
        "postcss": "^8.5.2",
        "tailwindcss": "^3.4.17",
        "typescript": "^5.7.3"
      }
    },
    "server": {
      "name": "wildflow-ai-server",
      "version": "1.0.0",
      "extraneous": true,
      "dependencies": {
        "@google/generative-ai": "^0.21.0",
        "@turf/turf": "^7.1.0",
        "bcryptjs": "^2.4.3",
        "bullmq": "^5.41.4",
        "compression": "^1.7.5",
        "cors": "^2.8.5",
        "dotenv": "^16.4.7",
        "express": "^4.21.2",
        "express-validator": "^7.2.1",
        "helmet": "^8.0.0",
        "ioredis": "^5.5.0",
        "jsonwebtoken": "^9.0.2",
        "mongoose": "^8.10.1",
        "morgan": "^1.10.0",
        "socket.io": "^4.8.1"
      },
      "devDependencies": {
        "nodemon": "^3.1.9"
      }
    }
  }
}
